
Microsoft Visual Studio Solution File, Format Version 12.00
# Visual Studio Version 16
VisualStudioVersion = 16.0.31729.503
MinimumVisualStudioVersion = 10.0.40219.1
Project("{FAE04EC0-301F-11D3-BF4B-00C04F79EFBC}") = "testing", "testing\testing.csproj", "{426E4212-1258-43EF-8A3C-6A2863A36783}"
EndProject
Global
	GlobalSection(SolutionConfigurationPlatforms) = preSolution
		Debug|Any CPU = Debug|Any CPU
		Release|Any CPU = Release|Any CPU
	EndGlobalSection
	GlobalSection(ProjectConfigurationPlatforms) = postSolution
		{426E4212-1258-43EF-8A3C-6A2863A36783}.Debug|Any CPU.ActiveCfg = Debug|Any CPU
		{426E4212-1258-43EF-8A3C-6A2863A36783}.Debug|Any CPU.Build.0 = Debug|Any CPU
		{426E4212-1258-43EF-8A3C-6A2863A36783}.Release|Any CPU.ActiveCfg = Release|Any CPU
		{426E4212-1258-43EF-8A3C-6A2863A36783}.Release|Any CPU.Build.0 = Release|Any CPU
	EndGlobalSection
	GlobalSection(SolutionProperties) = preSolution
		HideSolutionNode = FALSE
	EndGlobalSection
	GlobalSection(ExtensibilityGlobals) = postSolution
		SolutionGuid = {B9B00F78-29BA-467C-B663-A378078587B2}
	EndGlobalSection
EndGlobal
